<?xml version="1.0" encoding="UTF-8" standalone="yes" ?>
<CodeBlocks_project_file>
	<FileVersion major="1" minor="6" />
	<Project>
		<Option title="Grafos" />
		<Option pch_mode="2" />
		<Option compiler="gcc" />
		<Build>
			<Target title="Debug">
				<Option output="bin/Debug/Grafos" prefix_auto="1" extension_auto="1" />
				<Option object_output="obj/Debug/" />
				<Option type="1" />
				<Option compiler="gcc" />
				<Option parameters="C:\Users\gabic\Desktop\grafos2019_1\membros\gabriele\grafo\data\entrada2.txt  C:\Users\gabic\Desktop\grafos2019_1\membros\gabriele\grafo\data\saida.txt 1 1" />
				<Compiler>
					<Add option="-g" />
				</Compiler>
			</Target>
			<Target title="Release">
				<Option output="bin/Release/Grafos" prefix_auto="1" extension_auto="1" />
				<Option object_output="obj/Release/" />
				<Option type="1" />
				<Option compiler="gcc" />
				<Option parameters="C:\Users\gabic\Desktop\grafos2019_1\membros\gabriele\grafo\data\entrada2.txt  C:\Users\gabic\Desktop\grafos2019_1\membros\gabriele\grafo\data\saida.txt 1 1" />
				<Compiler>
					<Add option="-O2" />
				</Compiler>
				<Linker>
					<Add option="-s" />
				</Linker>
			</Target>
		</Build>
		<Compiler>
			<Add option="-Wall" />
			<Add option="-fexceptions" />
		</Compiler>
		<Unit filename="aresta.cpp" />
		<Unit filename="aresta.h" />
		<Unit filename="grafo.cpp" />
		<Unit filename="grafo.h" />
		<Unit filename="main.cpp" />
		<Unit filename="no.cpp" />
		<Unit filename="no.h" />
		<Extensions>
			<code_completion />
			<envvars />
			<debugger />
			<lib_finder disable_auto="1" />
		</Extensions>
	</Project>
</CodeBlocks_project_file>
